
Microsoft Visual Studio Solution File, Format Version 12.00
# Visual Studio Version 17
VisualStudioVersion = 17.6.33801.468
MinimumVisualStudioVersion = 10.0.40219.1
Project("{8BC9CEB8-8B4A-11D0-8D11-00A0C91BC942}") = "opencvfacedemo", "opencvfacedemo\opencvfacedemo.vcxproj", "{AC6848C3-0800-492F-9EFB-39ACDA603C42}"
EndProject
Global
	GlobalSection(SolutionConfigurationPlatforms) = preSolution
		Debug|x64 = Debug|x64
		Debug|x86 = Debug|x86
		Release|x64 = Release|x64
		Release|x86 = Release|x86
	EndGlobalSection
	GlobalSection(ProjectConfigurationPlatforms) = postSolution
		{AC6848C3-0800-492F-9EFB-39ACDA603C42}.Debug|x64.ActiveCfg = Debug|x64
		{AC6848C3-0800-492F-9EFB-39ACDA603C42}.Debug|x64.Build.0 = Debug|x64
		{AC6848C3-0800-492F-9EFB-39ACDA603C42}.Debug|x86.ActiveCfg = Debug|Win32
		{AC6848C3-0800-492F-9EFB-39ACDA603C42}.Debug|x86.Build.0 = Debug|Win32
		{AC6848C3-0800-492F-9EFB-39ACDA603C42}.Release|x64.ActiveCfg = Release|x64
		{AC6848C3-0800-492F-9EFB-39ACDA603C42}.Release|x64.Build.0 = Release|x64
		{AC6848C3-0800-492F-9EFB-39ACDA603C42}.Release|x86.ActiveCfg = Release|Win32
		{AC6848C3-0800-492F-9EFB-39ACDA603C42}.Release|x86.Build.0 = Release|Win32
	EndGlobalSection
	GlobalSection(SolutionProperties) = preSolution
		HideSolutionNode = FALSE
	EndGlobalSection
	GlobalSection(ExtensibilityGlobals) = postSolution
		SolutionGuid = {7BB352A5-40BB-479E-B04E-B39EA0ECEF15}
	EndGlobalSection
EndGlobal
